
Microsoft Visual Studio Solution File, Format Version 12.00
# Visual Studio Version 17
VisualStudioVersion = 17.13.35931.197 d17.13
MinimumVisualStudioVersion = 10.0.40219.1
Project("{FAE04EC0-301F-11D3-BF4B-00C04F79EFBC}") = "Ecommerce-EFCoreBestPractices", "Ecommerce-EFCoreBestPractices\Ecommerce-EFCoreBestPractices.csproj", "{ECBF13D5-AAA1-4819-9063-3FF3DB2F6A43}"
EndProject
Global
	GlobalSection(SolutionConfigurationPlatforms) = preSolution
		Debug|Any CPU = Debug|Any CPU
		Release|Any CPU = Release|Any CPU
	EndGlobalSection
	GlobalSection(ProjectConfigurationPlatforms) = postSolution
		{ECBF13D5-AAA1-4819-9063-3FF3DB2F6A43}.Debug|Any CPU.ActiveCfg = Debug|Any CPU
		{ECBF13D5-AAA1-4819-9063-3FF3DB2F6A43}.Debug|Any CPU.Build.0 = Debug|Any CPU
		{ECBF13D5-AAA1-4819-9063-3FF3DB2F6A43}.Release|Any CPU.ActiveCfg = Release|Any CPU
		{ECBF13D5-AAA1-4819-9063-3FF3DB2F6A43}.Release|Any CPU.Build.0 = Release|Any CPU
	EndGlobalSection
	GlobalSection(SolutionProperties) = preSolution
		HideSolutionNode = FALSE
	EndGlobalSection
	GlobalSection(ExtensibilityGlobals) = postSolution
		SolutionGuid = {0AE836AF-0D78-4649-810A-CC8542E77464}
	EndGlobalSection
EndGlobal
